{
  "version": 4,
  "terraform_version": "1.9.8",
  "serial": 5,
  "lineage": "39968409-5e9d-ec76-a99b-6b35c80a7fdb",
  "outputs": {
    "queue_url": {
      "value": "https://sqs.us-east-1.amazonaws.com/891377221285/rob_fila_sqs.fifo",
      "type": "string"
    }
  },
  "resources": [
    {
      "mode": "managed",
      "type": "aws_sqs_queue",
      "name": "rob_fila_sqs",
      "provider": "provider[\"registry.terraform.io/hashicorp/aws\"]",
      "instances": [
        {
          "schema_version": 0,
          "attributes": {
            "arn": "arn:aws:sqs:us-east-1:891377221285:rob_fila_sqs.fifo",
            "content_based_deduplication": false,
            "deduplication_scope": "queue",
            "delay_seconds": 0,
            "fifo_queue": true,
            "fifo_throughput_limit": "perQueue",
            "id": "https://sqs.us-east-1.amazonaws.com/891377221285/rob_fila_sqs.fifo",
            "kms_data_key_reuse_period_seconds": 300,
            "kms_master_key_id": "",
            "max_message_size": 2048,
            "message_retention_seconds": 86400,
            "name": "rob_fila_sqs.fifo",
            "name_prefix": "",
            "policy": "",
            "receive_wait_time_seconds": 2,
            "redrive_allow_policy": "",
            "redrive_policy": "",
            "sqs_managed_sse_enabled": true,
            "tags": null,
            "tags_all": {},
            "url": "https://sqs.us-east-1.amazonaws.com/891377221285/rob_fila_sqs.fifo",
            "visibility_timeout_seconds": 30
          },
          "sensitive_attributes": [],
          "private": "bnVsbA=="
        }
      ]
    }
  ],
  "check_results": null
}
